
Microsoft Visual Studio Solution File, Format Version 12.00
# Visual Studio 15
VisualStudioVersion = 15.0.28010.2046
MinimumVisualStudioVersion = 10.0.40219.1
Project("{FAE04EC0-301F-11D3-BF4B-00C04F79EFBC}") = "SocketServer", "SocketServer\SocketServer.csproj", "{0BABEC2C-6D30-4903-9E00-CC821E7EA659}"
EndProject
Project("{FAE04EC0-301F-11D3-BF4B-00C04F79EFBC}") = "Client", "Client\Client.csproj", "{54C890A8-B7B2-429B-8641-418B14E49F21}"
EndProject
Global
	GlobalSection(SolutionConfigurationPlatforms) = preSolution
		Debug|Any CPU = Debug|Any CPU
		Release|Any CPU = Release|Any CPU
	EndGlobalSection
	GlobalSection(ProjectConfigurationPlatforms) = postSolution
		{0BABEC2C-6D30-4903-9E00-CC821E7EA659}.Debug|Any CPU.ActiveCfg = Debug|Any CPU
		{0BABEC2C-6D30-4903-9E00-CC821E7EA659}.Debug|Any CPU.Build.0 = Debug|Any CPU
		{0BABEC2C-6D30-4903-9E00-CC821E7EA659}.Release|Any CPU.ActiveCfg = Release|Any CPU
		{0BABEC2C-6D30-4903-9E00-CC821E7EA659}.Release|Any CPU.Build.0 = Release|Any CPU
		{54C890A8-B7B2-429B-8641-418B14E49F21}.Debug|Any CPU.ActiveCfg = Debug|Any CPU
		{54C890A8-B7B2-429B-8641-418B14E49F21}.Debug|Any CPU.Build.0 = Debug|Any CPU
		{54C890A8-B7B2-429B-8641-418B14E49F21}.Release|Any CPU.ActiveCfg = Release|Any CPU
		{54C890A8-B7B2-429B-8641-418B14E49F21}.Release|Any CPU.Build.0 = Release|Any CPU
	EndGlobalSection
	GlobalSection(SolutionProperties) = preSolution
		HideSolutionNode = FALSE
	EndGlobalSection
	GlobalSection(ExtensibilityGlobals) = postSolution
		SolutionGuid = {60BEB737-82D2-4FB3-9341-C0D08F3CCCB5}
	EndGlobalSection
EndGlobal
